// !$*UTF8*$!
{
	archiveVersion = 1;
	classes = {
	};
	objectVersion = 46;
	objects = {

/* Begin PBXBuildFile section */
		78B30F623F4459135B490586 /* Pods_TwitterCodePath.framework in Frameworks */ = {isa = PBXBuildFile; fileRef = 5B440F9F55E2F040DA552D5E /* Pods_TwitterCodePath.framework */; };
		D80F4A9C1C7ACAD600BC74BB /* TweetCell.swift in Sources */ = {isa = PBXBuildFile; fileRef = D80F4A9B1C7ACAD600BC74BB /* TweetCell.swift */; };
		D8133C741C7642B2006D3BD6 /* LoginViewController.swift in Sources */ = {isa = PBXBuildFile; fileRef = D8133C731C7642B2006D3BD6 /* LoginViewController.swift */; };
		D843FCF21C7A5E990035282B /* User.swift in Sources */ = {isa = PBXBuildFile; fileRef = D843FCF11C7A5E990035282B /* User.swift */; };
		D843FCF41C7A5EA40035282B /* Tweet.swift in Sources */ = {isa = PBXBuildFile; fileRef = D843FCF31C7A5EA40035282B /* Tweet.swift */; };
		D843FCF61C7A71AB0035282B /* TwitterClient.swift in Sources */ = {isa = PBXBuildFile; fileRef = D843FCF51C7A71AB0035282B /* TwitterClient.swift */; };
		D843FCF81C7A80D00035282B /* TweetsViewController.swift in Sources */ = {isa = PBXBuildFile; fileRef = D843FCF71C7A80D00035282B /* TweetsViewController.swift */; };
		D8BEA6B71C763FD3001CAB34 /* AppDelegate.swift in Sources */ = {isa = PBXBuildFile; fileRef = D8BEA6B61C763FD3001CAB34 /* AppDelegate.swift */; };
		D8BEA6BC1C763FD3001CAB34 /* Main.storyboard in Resources */ = {isa = PBXBuildFile; fileRef = D8BEA6BA1C763FD3001CAB34 /* Main.storyboard */; };
		D8BEA6BE1C763FD3001CAB34 /* Assets.xcassets in Resources */ = {isa = PBXBuildFile; fileRef = D8BEA6BD1C763FD3001CAB34 /* Assets.xcassets */; };
		D8BEA6C11C763FD3001CAB34 /* LaunchScreen.storyboard in Resources */ = {isa = PBXBuildFile; fileRef = D8BEA6BF1C763FD3001CAB34 /* LaunchScreen.storyboard */; };
		D8BEA6CC1C763FD3001CAB34 /* TwitterCodePathTests.swift in Sources */ = {isa = PBXBuildFile; fileRef = D8BEA6CB1C763FD3001CAB34 /* TwitterCodePathTests.swift */; };
		D8BEA6D71C763FD3001CAB34 /* TwitterCodePathUITests.swift in Sources */ = {isa = PBXBuildFile; fileRef = D8BEA6D61C763FD3001CAB34 /* TwitterCodePathUITests.swift */; };
/* End PBXBuildFile section */

/* Begin PBXContainerItemProxy section */
		D8BEA6C81C763FD3001CAB34 /* PBXContainerItemProxy */ = {
			isa = PBXContainerItemProxy;
			containerPortal = D8BEA6AB1C763FD3001CAB34 /* Project object */;
			proxyType = 1;
			remoteGlobalIDString = D8BEA6B21C763FD3001CAB34;
			remoteInfo = TwitterCodePath;
		};
		D8BEA6D31C763FD3001CAB34 /* PBXContainerItemProxy */ = {
			isa = PBXContainerItemProxy;
			containerPortal = D8BEA6AB1C763FD3001CAB34 /* Project object */;
			proxyType = 1;
			remoteGlobalIDString = D8BEA6B21C763FD3001CAB34;
			remoteInfo = TwitterCodePath;
		};
/* End PBXContainerItemProxy section */

/* Begin PBXFileReference section */
		19B1B78A4A31AF880FEB1881 /* Pods-TwitterCodePath.debug.xcconfig */ = {isa = PBXFileReference; includeInIndex = 1; lastKnownFileType = text.xcconfig; name = "Pods-TwitterCodePath.debug.xcconfig"; path = "Pods/Target Support Files/Pods-TwitterCodePath/Pods-TwitterCodePath.debug.xcconfig"; sourceTree = "<group>"; };
		5B440F9F55E2F040DA552D5E /* Pods_TwitterCodePath.framework */ = {isa = PBXFileReference; explicitFileType = wrapper.framework; includeInIndex = 0; path = Pods_TwitterCodePath.framework; sourceTree = BUILT_PRODUCTS_DIR; };
		D70AE36493F5DFDE48526C18 /* Pods-TwitterCodePath.release.xcconfig */ = {isa = PBXFileReference; includeInIndex = 1; lastKnownFileType = text.xcconfig; name = "Pods-TwitterCodePath.release.xcconfig"; path = "Pods/Target Support Files/Pods-TwitterCodePath/Pods-TwitterCodePath.release.xcconfig"; sourceTree = "<group>"; };
		D80F4A9B1C7ACAD600BC74BB /* TweetCell.swift */ = {isa = PBXFileReference; fileEncoding = 4; lastKnownFileType = sourcecode.swift; path = TweetCell.swift; sourceTree = "<group>"; };
		D8133C731C7642B2006D3BD6 /* LoginViewController.swift */ = {isa = PBXFileReference; fileEncoding = 4; lastKnownFileType = sourcecode.swift; path = LoginViewController.swift; sourceTree = "<group>"; };
		D843FCF11C7A5E990035282B /* User.swift */ = {isa = PBXFileReference; fileEncoding = 4; lastKnownFileType = sourcecode.swift; path = User.swift; sourceTree = "<group>"; };
		D843FCF31C7A5EA40035282B /* Tweet.swift */ = {isa = PBXFileReference; fileEncoding = 4; lastKnownFileType = sourcecode.swift; path = Tweet.swift; sourceTree = "<group>"; };
		D843FCF51C7A71AB0035282B /* TwitterClient.swift */ = {isa = PBXFileReference; fileEncoding = 4; lastKnownFileType = sourcecode.swift; path = TwitterClient.swift; sourceTree = "<group>"; };
		D843FCF71C7A80D00035282B /* TweetsViewController.swift */ = {isa = PBXFileReference; fileEncoding = 4; lastKnownFileType = sourcecode.swift; path = TweetsViewController.swift; sourceTree = "<group>"; };
		D8BEA6B31C763FD3001CAB34 /* TwitterCodePath.app */ = {isa = PBXFileReference; explicitFileType = wrapper.application; includeInIndex = 0; path = TwitterCodePath.app; sourceTree = BUILT_PRODUCTS_DIR; };
		D8BEA6B61C763FD3001CAB34 /* AppDelegate.swift */ = {isa = PBXFileReference; lastKnownFileType = sourcecode.swift; path = AppDelegate.swift; sourceTree = "<group>"; };
		D8BEA6BB1C763FD3001CAB34 /* Base */ = {isa = PBXFileReference; lastKnownFileType = file.storyboard; name = Base; path = Base.lproj/Main.storyboard; sourceTree = "<group>"; };
		D8BEA6BD1C763FD3001CAB34 /* Assets.xcassets */ = {isa = PBXFileReference; lastKnownFileType = folder.assetcatalog; path = Assets.xcassets; sourceTree = "<group>"; };
		D8BEA6C01C763FD3001CAB34 /* Base */ = {isa = PBXFileReference; lastKnownFileType = file.storyboard; name = Base; path = Base.lproj/LaunchScreen.storyboard; sourceTree = "<group>"; };
		D8BEA6C21C763FD3001CAB34 /* Info.plist */ = {isa = PBXFileReference; lastKnownFileType = text.plist.xml; path = Info.plist; sourceTree = "<group>"; };
		D8BEA6C71C763FD3001CAB34 /* TwitterCodePathTests.xctest */ = {isa = PBXFileReference; explicitFileType = wrapper.cfbundle; includeInIndex = 0; path = TwitterCodePathTests.xctest; sourceTree = BUILT_PRODUCTS_DIR; };
		D8BEA6CB1C763FD3001CAB34 /* TwitterCodePathTests.swift */ = {isa = PBXFileReference; lastKnownFileType = sourcecode.swift; path = TwitterCodePathTests.swift; sourceTree = "<group>"; };
		D8BEA6CD1C763FD3001CAB34 /* Info.plist */ = {isa = PBXFileReference; lastKnownFileType = text.plist.xml; path = Info.plist; sourceTree = "<group>"; };
		D8BEA6D21C763FD3001CAB34 /* TwitterCodePathUITests.xctest */ = {isa = PBXFileReference; explicitFileType = wrapper.cfbundle; includeInIndex = 0; path = TwitterCodePathUITests.xctest; sourceTree = BUILT_PRODUCTS_DIR; };
		D8BEA6D61C763FD3001CAB34 /* TwitterCodePathUITests.swift */ = {isa = PBXFileReference; lastKnownFileType = sourcecode.swift; path = TwitterCodePathUITests.swift; sourceTree = "<group>"; };
		D8BEA6D81C763FD3001CAB34 /* Info.plist */ = {isa = PBXFileReference; lastKnownFileType = text.plist.xml; path = Info.plist; sourceTree = "<group>"; };
/* End PBXFileReference section */

/* Begin PBXFrameworksBuildPhase section */
		D8BEA6B01C763FD3001CAB34 /* Frameworks */ = {
			isa = PBXFrameworksBuildPhase;
			buildActionMask = 2147483647;
			files = (
				78B30F623F4459135B490586 /* Pods_TwitterCodePath.framework in Frameworks */,
			);
			runOnlyForDeploymentPostprocessing = 0;
		};
		D8BEA6C41C763FD3001CAB34 /* Frameworks */ = {
			isa = PBXFrameworksBuildPhase;
			buildActionMask = 2147483647;
			files = (
			);
			runOnlyForDeploymentPostprocessing = 0;
		};
		D8BEA6CF1C763FD3001CAB34 /* Frameworks */ = {
			isa = PBXFrameworksBuildPhase;
			buildActionMask = 2147483647;
			files = (
			);
			runOnlyForDeploymentPostprocessing = 0;
		};
/* End PBXFrameworksBuildPhase section */

/* Begin PBXGroup section */
		43E5D40A8E3F5191C952C4C5 /* Pods */ = {
			isa = PBXGroup;
			children = (
				19B1B78A4A31AF880FEB1881 /* Pods-TwitterCodePath.debug.xcconfig */,
				D70AE36493F5DFDE48526C18 /* Pods-TwitterCodePath.release.xcconfig */,
			);
			name = Pods;
			sourceTree = "<group>";
		};
		D61C30DA605C71450173025C /* Frameworks */ = {
			isa = PBXGroup;
			children = (
				5B440F9F55E2F040DA552D5E /* Pods_TwitterCodePath.framework */,
			);
			name = Frameworks;
			sourceTree = "<group>";
		};
		D80F4A9A1C7ACA9B00BC74BB /* Views */ = {
			isa = PBXGroup;
			children = (
				D80F4A9B1C7ACAD600BC74BB /* TweetCell.swift */,
			);
			name = Views;
			sourceTree = "<group>";
		};
		D843FCEE1C7A5E660035282B /* Models */ = {
			isa = PBXGroup;
			children = (
				D843FCF11C7A5E990035282B /* User.swift */,
				D843FCF31C7A5EA40035282B /* Tweet.swift */,
			);
			name = Models;
			sourceTree = "<group>";
		};
		D843FCEF1C7A5E6C0035282B /* View Controllers */ = {
			isa = PBXGroup;
			children = (
				D8133C731C7642B2006D3BD6 /* LoginViewController.swift */,
				D843FCF71C7A80D00035282B /* TweetsViewController.swift */,
			);
			name = "View Controllers";
			sourceTree = "<group>";
		};
		D843FCF01C7A5E750035282B /* API */ = {
			isa = PBXGroup;
			children = (
				D843FCF51C7A71AB0035282B /* TwitterClient.swift */,
			);
			name = API;
			sourceTree = "<group>";
		};
		D8BEA6AA1C763FD3001CAB34 = {
			isa = PBXGroup;
			children = (
				D8BEA6B51C763FD3001CAB34 /* TwitterCodePath */,
				D8BEA6CA1C763FD3001CAB34 /* TwitterCodePathTests */,
				D8BEA6D51C763FD3001CAB34 /* TwitterCodePathUITests */,
				D8BEA6B41C763FD3001CAB34 /* Products */,
				43E5D40A8E3F5191C952C4C5 /* Pods */,
				D61C30DA605C71450173025C /* Frameworks */,
			);
			sourceTree = "<group>";
		};
		D8BEA6B41C763FD3001CAB34 /* Products */ = {
			isa = PBXGroup;
			children = (
				D8BEA6B31C763FD3001CAB34 /* TwitterCodePath.app */,
				D8BEA6C71C763FD3001CAB34 /* TwitterCodePathTests.xctest */,
				D8BEA6D21C763FD3001CAB34 /* TwitterCodePathUITests.xctest */,
			);
			name = Products;
			sourceTree = "<group>";
		};
		D8BEA6B51C763FD3001CAB34 /* TwitterCodePath */ = {
			isa = PBXGroup;
			children = (
				D80F4A9A1C7ACA9B00BC74BB /* Views */,
				D843FCF01C7A5E750035282B /* API */,
				D843FCEF1C7A5E6C0035282B /* View Controllers */,
				D843FCEE1C7A5E660035282B /* Models */,
				D8BEA6B61C763FD3001CAB34 /* AppDelegate.swift */,
				D8BEA6BA1C763FD3001CAB34 /* Main.storyboard */,
				D8BEA6BD1C763FD3001CAB34 /* Assets.xcassets */,
				D8BEA6BF1C763FD3001CAB34 /* LaunchScreen.storyboard */,
				D8BEA6C21C763FD3001CAB34 /* Info.plist */,
			);
			path = TwitterCodePath;
			sourceTree = "<group>";
		};
		D8BEA6CA1C763FD3001CAB34 /* TwitterCodePathTests */ = {
			isa = PBXGroup;
			children = (
				D8BEA6CB1C763FD3001CAB34 /* TwitterCodePathTests.swift */,
				D8BEA6CD1C763FD3001CAB34 /* Info.plist */,
			);
			path = TwitterCodePathTests;
			sourceTree = "<group>";
		};
		D8BEA6D51C763FD3001CAB34 /* TwitterCodePathUITests */ = {
			isa = PBXGroup;
			children = (
				D8BEA6D61C763FD3001CAB34 /* TwitterCodePathUITests.swift */,
				D8BEA6D81C763FD3001CAB34 /* Info.plist */,
			);
			path = TwitterCodePathUITests;
			sourceTree = "<group>";
		};
/* End PBXGroup section */

/* Begin PBXNativeTarget section */
		D8BEA6B21C763FD3001CAB34 /* TwitterCodePath */ = {
			isa = PBXNativeTarget;
			buildConfigurationList = D8BEA6DB1C763FD3001CAB34 /* Build configuration list for PBXNativeTarget "TwitterCodePath" */;
			buildPhases = (
				05607B59C13C018E5E27AC9A /* Check Pods Manifest.lock */,
				D8BEA6AF1C763FD3001CAB34 /* Sources */,
				D8BEA6B01C763FD3001CAB34 /* Frameworks */,
				D8BEA6B11C763FD3001CAB34 /* Resources */,
				82F09A3A6D823619EBE281C8 /* Embed Pods Frameworks */,
				93F5859F8095DCF84061085D /* Copy Pods Resources */,
			);
			buildRules = (
			);
			dependencies = (
			);
			name = TwitterCodePath;
			productName = TwitterCodePath;
			productReference = D8BEA6B31C763FD3001CAB34 /* TwitterCodePath.app */;
			productType = "com.apple.product-type.application";
		};
		D8BEA6C61C763FD3001CAB34 /* TwitterCodePathTests */ = {
			isa = PBXNativeTarget;
			buildConfigurationList = D8BEA6DE1C763FD3001CAB34 /* Build configuration list for PBXNativeTarget "TwitterCodePathTests" */;
			buildPhases = (
				D8BEA6C31C763FD3001CAB34 /* Sources */,
				D8BEA6C41C763FD3001CAB34 /* Frameworks */,
				D8BEA6C51C763FD3001CAB34 /* Resources */,
			);
			buildRules = (
			);
			dependencies = (
				D8BEA6C91C763FD3001CAB34 /* PBXTargetDependency */,
			);
			name = TwitterCodePathTests;
			productName = TwitterCodePathTests;
			productReference = D8BEA6C71C763FD3001CAB34 /* TwitterCodePathTests.xctest */;
			productType = "com.apple.product-type.bundle.unit-test";
		};
		D8BEA6D11C763FD3001CAB34 /* TwitterCodePathUITests */ = {
			isa = PBXNativeTarget;
			buildConfigurationList = D8BEA6E11C763FD3001CAB34 /* Build configuration list for PBXNativeTarget "TwitterCodePathUITests" */;
			buildPhases = (
				D8BEA6CE1C763FD3001CAB34 /* Sources */,
				D8BEA6CF1C763FD3001CAB34 /* Frameworks */,
				D8BEA6D01C763FD3001CAB34 /* Resources */,
			);
			buildRules = (
			);
			dependencies = (
				D8BEA6D41C763FD3001CAB34 /* PBXTargetDependency */,
			);
			name = TwitterCodePathUITests;
			productName = TwitterCodePathUITests;
			productReference = D8BEA6D21C763FD3001CAB34 /* TwitterCodePathUITests.xctest */;
			productType = "com.apple.product-type.bundle.ui-testing";
		};
/* End PBXNativeTarget section */

/* Begin PBXProject section */
		D8BEA6AB1C763FD3001CAB34 /* Project object */ = {
			isa = PBXProject;
			attributes = {
				LastSwiftUpdateCheck = 0720;
				LastUpgradeCheck = 0720;
				ORGANIZATIONNAME = Miraen;
				TargetAttributes = {
					D8BEA6B21C763FD3001CAB34 = {
						CreatedOnToolsVersion = 7.2.1;
					};
					D8BEA6C61C763FD3001CAB34 = {
						CreatedOnToolsVersion = 7.2.1;
						TestTargetID = D8BEA6B21C763FD3001CAB34;
					};
					D8BEA6D11C763FD3001CAB34 = {
						CreatedOnToolsVersion = 7.2.1;
						TestTargetID = D8BEA6B21C763FD3001CAB34;
					};
				};
			};
			buildConfigurationList = D8BEA6AE1C763FD3001CAB34 /* Build configuration list for PBXProject "TwitterCodePath" */;
			compatibilityVersion = "Xcode 3.2";
			developmentRegion = English;
			hasScannedForEncodings = 0;
			knownRegions = (
				en,
				Base,
			);
			mainGroup = D8BEA6AA1C763FD3001CAB34;
			productRefGroup = D8BEA6B41C763FD3001CAB34 /* Products */;
			projectDirPath = "";
			projectRoot = "";
			targets = (
				D8BEA6B21C763FD3001CAB34 /* TwitterCodePath */,
				D8BEA6C61C763FD3001CAB34 /* TwitterCodePathTests */,
				D8BEA6D11C763FD3001CAB34 /* TwitterCodePathUITests */,
			);
		};
/* End PBXProject section */

/* Begin PBXResourcesBuildPhase section */
		D8BEA6B11C763FD3001CAB34 /* Resources */ = {
			isa = PBXResourcesBuildPhase;
			buildActionMask = 2147483647;
			files = (
				D8BEA6C11C763FD3001CAB34 /* LaunchScreen.storyboard in Resources */,
				D8BEA6BE1C763FD3001CAB34 /* Assets.xcassets in Resources */,
				D8BEA6BC1C763FD3001CAB34 /* Main.storyboard in Resources */,
			);
			runOnlyForDeploymentPostprocessing = 0;
		};
		D8BEA6C51C763FD3001CAB34 /* Resources */ = {
			isa = PBXResourcesBuildPhase;
			buildActionMask = 2147483647;
			files = (
			);
			runOnlyForDeploymentPostprocessing = 0;
		};
		D8BEA6D01C763FD3001CAB34 /* Resources */ = {
			isa = PBXResourcesBuildPhase;
			buildActionMask = 2147483647;
			files = (
			);
			runOnlyForDeploymentPostprocessing = 0;
		};
/* End PBXResourcesBuildPhase section */

/* Begin PBXShellScriptBuildPhase section */
		05607B59C13C018E5E27AC9A /* Check Pods Manifest.lock */ = {
			isa = PBXShellScriptBuildPhase;
			buildActionMask = 2147483647;
			files = (
			);
			inputPaths = (
			);
			name = "Check Pods Manifest.lock";
			outputPaths = (
			);
			runOnlyForDeploymentPostprocessing = 0;
			shellPath = /bin/sh;
			shellScript = "diff \"${PODS_ROOT}/../Podfile.lock\" \"${PODS_ROOT}/Manifest.lock\" > /dev/null\nif [[ $? != 0 ]] ; then\n    cat << EOM\nerror: The sandbox is not in sync with the Podfile.lock. Run 'pod install' or update your CocoaPods installation.\nEOM\n    exit 1\nfi\n";
			showEnvVarsInLog = 0;
		};
		82F09A3A6D823619EBE281C8 /* Embed Pods Frameworks */ = {
			isa = PBXShellScriptBuildPhase;
			buildActionMask = 2147483647;
			files = (
			);
			inputPaths = (
			);
			name = "Embed Pods Frameworks";
			outputPaths = (
			);
			runOnlyForDeploymentPostprocessing = 0;
			shellPath = /bin/sh;
			shellScript = "\"${SRCROOT}/Pods/Target Support Files/Pods-TwitterCodePath/Pods-TwitterCodePath-frameworks.sh\"\n";
			showEnvVarsInLog = 0;
		};
		93F5859F8095DCF84061085D /* Copy Pods Resources */ = {
			isa = PBXShellScriptBuildPhase;
			buildActionMask = 2147483647;
			files = (
			);
			inputPaths = (
			);
			name = "Copy Pods Resources";
			outputPaths = (
			);
			runOnlyForDeploymentPostprocessing = 0;
			shellPath = /bin/sh;
			shellScript = "\"${SRCROOT}/Pods/Target Support Files/Pods-TwitterCodePath/Pods-TwitterCodePath-resources.sh\"\n";
			showEnvVarsInLog = 0;
		};
/* End PBXShellScriptBuildPhase section */

/* Begin PBXSourcesBuildPhase section */
		D8BEA6AF1C763FD3001CAB34 /* Sources */ = {
			isa = PBXSourcesBuildPhase;
			buildActionMask = 2147483647;
			files = (
				D843FCF21C7A5E990035282B /* User.swift in Sources */,
				D80F4A9C1C7ACAD600BC74BB /* TweetCell.swift in Sources */,
				D843FCF41C7A5EA40035282B /* Tweet.swift in Sources */,
				D8133C741C7642B2006D3BD6 /* LoginViewController.swift in Sources */,
				D843FCF81C7A80D00035282B /* TweetsViewController.swift in Sources */,
				D843FCF61C7A71AB0035282B /* TwitterClient.swift in Sources */,
				D8BEA6B71C763FD3001CAB34 /* AppDelegate.swift in Sources */,
			);
			runOnlyForDeploymentPostprocessing = 0;
		};
		D8BEA6C31C763FD3001CAB34 /* Sources */ = {
			isa = PBXSourcesBuildPhase;
			buildActionMask = 2147483647;
			files = (
				D8BEA6CC1C763FD3001CAB34 /* TwitterCodePathTests.swift in Sources */,
			);
			runOnlyForDeploymentPostprocessing = 0;
		};
		D8BEA6CE1C763FD3001CAB34 /* Sources */ = {
			isa = PBXSourcesBuildPhase;
			buildActionMask = 2147483647;
			files = (
				D8BEA6D71C763FD3001CAB34 /* TwitterCodePathUITests.swift in Sources */,
			);
			runOnlyForDeploymentPostprocessing = 0;
		};
/* End PBXSourcesBuildPhase section */

/* Begin PBXTargetDependency section */
		D8BEA6C91C763FD3001CAB34 /* PBXTargetDependency */ = {
			isa = PBXTargetDependency;
			target = D8BEA6B21C763FD3001CAB34 /* TwitterCodePath */;
			targetProxy = D8BEA6C81C763FD3001CAB34 /* PBXContainerItemProxy */;
		};
		D8BEA6D41C763FD3001CAB34 /* PBXTargetDependency */ = {
			isa = PBXTargetDependency;
			target = D8BEA6B21C763FD3001CAB34 /* TwitterCodePath */;
			targetProxy = D8BEA6D31C763FD3001CAB34 /* PBXContainerItemProxy */;
		};
/* End PBXTargetDependency section */

/* Begin PBXVariantGroup section */
		D8BEA6BA1C763FD3001CAB34 /* Main.storyboard */ = {
			isa = PBXVariantGroup;
			children = (
				D8BEA6BB1C763FD3001CAB34 /* Base */,
			);
			name = Main.storyboard;
			sourceTree = "<group>";
		};
		D8BEA6BF1C763FD3001CAB34 /* LaunchScreen.storyboard */ = {
			isa = PBXVariantGroup;
			children = (
				D8BEA6C01C763FD3001CAB34 /* Base */,
			);
			name = LaunchScreen.storyboard;
			sourceTree = "<group>";
		};
/* End PBXVariantGroup section */

/* Begin XCBuildConfiguration section */
		D8BEA6D91C763FD3001CAB34 /* Debug */ = {
			isa = XCBuildConfiguration;
			buildSettings = {
				ALWAYS_SEARCH_USER_PATHS = NO;
				CLANG_CXX_LANGUAGE_STANDARD = "gnu++0x";
				CLANG_CXX_LIBRARY = "libc++";
				CLANG_ENABLE_MODULES = YES;
				CLANG_ENABLE_OBJC_ARC = YES;
				CLANG_WARN_BOOL_CONVERSION = YES;
				CLANG_WARN_CONSTANT_CONVERSION = YES;
				CLANG_WARN_DIRECT_OBJC_ISA_USAGE = YES_ERROR;
				CLANG_WARN_EMPTY_BODY = YES;
				CLANG_WARN_ENUM_CONVERSION = YES;
				CLANG_WARN_INT_CONVERSION = YES;
				CLANG_WARN_OBJC_ROOT_CLASS = YES_ERROR;
				CLANG_WARN_UNREACHABLE_CODE = YES;
				CLANG_WARN__DUPLICATE_METHOD_MATCH = YES;
				"CODE_SIGN_IDENTITY[sdk=iphoneos*]" = "iPhone Developer";
				COPY_PHASE_STRIP = NO;
				DEBUG_INFORMATION_FORMAT = dwarf;
				ENABLE_STRICT_OBJC_MSGSEND = YES;
				ENABLE_TESTABILITY = YES;
				GCC_C_LANGUAGE_STANDARD = gnu99;
				GCC_DYNAMIC_NO_PIC = NO;
				GCC_NO_COMMON_BLOCKS = YES;
				GCC_OPTIMIZATION_LEVEL = 0;
				GCC_PREPROCESSOR_DEFINITIONS = (
					"DEBUG=1",
					"$(inherited)",
				);
				GCC_WARN_64_TO_32_BIT_CONVERSION = YES;
				GCC_WARN_ABOUT_RETURN_TYPE = YES_ERROR;
				GCC_WARN_UNDECLARED_SELECTOR = YES;
				GCC_WARN_UNINITIALIZED_AUTOS = YES_AGGRESSIVE;
				GCC_WARN_UNUSED_FUNCTION = YES;
				GCC_WARN_UNUSED_VARIABLE = YES;
				IPHONEOS_DEPLOYMENT_TARGET = 9.2;
				MTL_ENABLE_DEBUG_INFO = YES;
				ONLY_ACTIVE_ARCH = YES;
				SDKROOT = iphoneos;
				SWIFT_OPTIMIZATION_LEVEL = "-Onone";
			};
			name = Debug;
		};
		D8BEA6DA1C763FD3001CAB34 /* Release */ = {
			isa = XCBuildConfiguration;
			buildSettings = {
				ALWAYS_SEARCH_USER_PATHS = NO;
				CLANG_CXX_LANGUAGE_STANDARD = "gnu++0x";
				CLANG_CXX_LIBRARY = "libc++";
				CLANG_ENABLE_MODULES = YES;
				CLANG_ENABLE_OBJC_ARC = YES;
				CLANG_WARN_BOOL_CONVERSION = YES;
				CLANG_WARN_CONSTANT_CONVERSION = YES;
				CLANG_WARN_DIRECT_OBJC_ISA_USAGE = YES_ERROR;
				CLANG_WARN_EMPTY_BODY = YES;
				CLANG_WARN_ENUM_CONVERSION = YES;
				CLANG_WARN_INT_CONVERSION = YES;
				CLANG_WARN_OBJC_ROOT_CLASS = YES_ERROR;
				CLANG_WARN_UNREACHABLE_CODE = YES;
				CLANG_WARN__DUPLICATE_METHOD_MATCH = YES;
				"CODE_SIGN_IDENTITY[sdk=iphoneos*]" = "iPhone Developer";
				COPY_PHASE_STRIP = NO;
				DEBUG_INFORMATION_FORMAT = "dwarf-with-dsym";
				ENABLE_NS_ASSERTIONS = NO;
				ENABLE_STRICT_OBJC_MSGSEND = YES;
				GCC_C_LANGUAGE_STANDARD = gnu99;
				GCC_NO_COMMON_BLOCKS = YES;
				GCC_WARN_64_TO_32_BIT_CONVERSION = YES;
				GCC_WARN_ABOUT_RETURN_TYPE = YES_ERROR;
				GCC_WARN_UNDECLARED_SELECTOR = YES;
				GCC_WARN_UNINITIALIZED_AUTOS = YES_AGGRESSIVE;
				GCC_WARN_UNUSED_FUNCTION = YES;
				GCC_WARN_UNUSED_VARIABLE = YES;
				IPHONEOS_DEPLOYMENT_TARGET = 9.2;
				MTL_ENABLE_DEBUG_INFO = NO;
				SDKROOT = iphoneos;
				VALIDATE_PRODUCT = YES;
			};
			name = Release;
		};
		D8BEA6DC1C763FD3001CAB34 /* Debug */ = {
			isa = XCBuildConfiguration;
			baseConfigurationReference = 19B1B78A4A31AF880FEB1881 /* Pods-TwitterCodePath.debug.xcconfig */;
			buildSettings = {
				ASSETCATALOG_COMPILER_APPICON_NAME = AppIcon;
				INFOPLIST_FILE = TwitterCodePath/Info.plist;
				LD_RUNPATH_SEARCH_PATHS = "$(inherited) @executable_path/Frameworks";
				PRODUCT_BUNDLE_IDENTIFIER = edu.fordham.nmiranda4.TwitterCodePath;
				PRODUCT_NAME = "$(TARGET_NAME)";
			};
			name = Debug;
		};
		D8BEA6DD1C763FD3001CAB34 /* Release */ = {
			isa = XCBuildConfiguration;
			baseConfigurationReference = D70AE36493F5DFDE48526C18 /* Pods-TwitterCodePath.release.xcconfig */;
			buildSettings = {
				ASSETCATALOG_COMPILER_APPICON_NAME = AppIcon;
				INFOPLIST_FILE = TwitterCodePath/Info.plist;
				LD_RUNPATH_SEARCH_PATHS = "$(inherited) @executable_path/Frameworks";
				PRODUCT_BUNDLE_IDENTIFIER = edu.fordham.nmiranda4.TwitterCodePath;
				PRODUCT_NAME = "$(TARGET_NAME)";
			};
			name = Release;
		};
		D8BEA6DF1C763FD3001CAB34 /* Debug */ = {
			isa = XCBuildConfiguration;
			buildSettings = {
				BUNDLE_LOADER = "$(TEST_HOST)";
				INFOPLIST_FILE = TwitterCodePathTests/Info.plist;
				LD_RUNPATH_SEARCH_PATHS = "$(inherited) @executable_path/Frameworks @loader_path/Frameworks";
				PRODUCT_BUNDLE_IDENTIFIER = edu.fordham.nmiranda4.TwitterCodePathTests;
				PRODUCT_NAME = "$(TARGET_NAME)";
				TEST_HOST = "$(BUILT_PRODUCTS_DIR)/TwitterCodePath.app/TwitterCodePath";
			};
			name = Debug;
		};
		D8BEA6E01C763FD3001CAB34 /* Release */ = {
			isa = XCBuildConfiguration;
			buildSettings = {
				BUNDLE_LOADER = "$(TEST_HOST)";
				INFOPLIST_FILE = TwitterCodePathTests/Info.plist;
				LD_RUNPATH_SEARCH_PATHS = "$(inherited) @executable_path/Frameworks @loader_path/Frameworks";
				PRODUCT_BUNDLE_IDENTIFIER = edu.fordham.nmiranda4.TwitterCodePathTests;
				PRODUCT_NAME = "$(TARGET_NAME)";
				TEST_HOST = "$(BUILT_PRODUCTS_DIR)/TwitterCodePath.app/TwitterCodePath";
			};
			name = Release;
		};
		D8BEA6E21C763FD3001CAB34 /* Debug */ = {
			isa = XCBuildConfiguration;
			buildSettings = {
				INFOPLIST_FILE = TwitterCodePathUITests/Info.plist;
				LD_RUNPATH_SEARCH_PATHS = "$(inherited) @executable_path/Frameworks @loader_path/Frameworks";
				PRODUCT_BUNDLE_IDENTIFIER = edu.fordham.nmiranda4.TwitterCodePathUITests;
				PRODUCT_NAME = "$(TARGET_NAME)";
				TEST_TARGET_NAME = TwitterCodePath;
				USES_XCTRUNNER = YES;
			};
			name = Debug;
		};
		D8BEA6E31C763FD3001CAB34 /* Release */ = {
			isa = XCBuildConfiguration;
			buildSettings = {
				INFOPLIST_FILE = TwitterCodePathUITests/Info.plist;
				LD_RUNPATH_SEARCH_PATHS = "$(inherited) @executable_path/Frameworks @loader_path/Frameworks";
				PRODUCT_BUNDLE_IDENTIFIER = edu.fordham.nmiranda4.TwitterCodePathUITests;
				PRODUCT_NAME = "$(TARGET_NAME)";
				TEST_TARGET_NAME = TwitterCodePath;
				USES_XCTRUNNER = YES;
			};
			name = Release;
		};
/* End XCBuildConfiguration section */

/* Begin XCConfigurationList section */
		D8BEA6AE1C763FD3001CAB34 /* Build configuration list for PBXProject "TwitterCodePath" */ = {
			isa = XCConfigurationList;
			buildConfigurations = (
				D8BEA6D91C763FD3001CAB34 /* Debug */,
				D8BEA6DA1C763FD3001CAB34 /* Release */,
			);
			defaultConfigurationIsVisible = 0;
			defaultConfigurationName = Release;
		};
		D8BEA6DB1C763FD3001CAB34 /* Build configuration list for PBXNativeTarget "TwitterCodePath" */ = {
			isa = XCConfigurationList;
			buildConfigurations = (
				D8BEA6DC1C763FD3001CAB34 /* Debug */,
				D8BEA6DD1C763FD3001CAB34 /* Release */,
			);
			defaultConfigurationIsVisible = 0;
			defaultConfigurationName = Release;
		};
		D8BEA6DE1C763FD3001CAB34 /* Build configuration list for PBXNativeTarget "TwitterCodePathTests" */ = {
			isa = XCConfigurationList;
			buildConfigurations = (
				D8BEA6DF1C763FD3001CAB34 /* Debug */,
				D8BEA6E01C763FD3001CAB34 /* Release */,
			);
			defaultConfigurationIsVisible = 0;
			defaultConfigurationName = Release;
		};
		D8BEA6E11C763FD3001CAB34 /* Build configuration list for PBXNativeTarget "TwitterCodePathUITests" */ = {
			isa = XCConfigurationList;
			buildConfigurations = (
				D8BEA6E21C763FD3001CAB34 /* Debug */,
				D8BEA6E31C763FD3001CAB34 /* Release */,
			);
			defaultConfigurationIsVisible = 0;
			defaultConfigurationName = Release;
		};
/* End XCConfigurationList section */
	};
	rootObject = D8BEA6AB1C763FD3001CAB34 /* Project object */;
}
